PODS:
  - audio_session (0.0.1):
    - Flutter
  - audio_streamer (0.0.1):
    - Flutter
  - audioplayers_darwin (0.0.1):
    - Flutter
  - Flutter (1.0.0)
  - flutter_silero_vad (0.0.1):
    - Flutter
    - onnxruntime-objc (= 1.15.0)
  - onnxruntime-c (1.15.0)
  - onnxruntime-objc (1.15.0):
    - onnxruntime-objc/Core (= 1.15.0)
  - onnxruntime-objc/Core (1.15.0):
    - onnxruntime-c (= 1.15.0)
  - path_provider_foundation (0.0.1):
    - Flutter
    - FlutterMacOS
  - permission_handler_apple (9.1.1):
    - Flutter

DEPENDENCIES:
  - audio_session (from `.symlinks/plugins/audio_session/ios`)
  - audio_streamer (from `.symlinks/plugins/audio_streamer/ios`)
  - audioplayers_darwin (from `.symlinks/plugins/audioplayers_darwin/ios`)
  - Flutter (from `Flutter`)
  - flutter_silero_vad (from `.symlinks/plugins/flutter_silero_vad/ios`)
  - path_provider_foundation (from `.symlinks/plugins/path_provider_foundation/darwin`)
  - permission_handler_apple (from `.symlinks/plugins/permission_handler_apple/ios`)

SPEC REPOS:
  trunk:
    - onnxruntime-c
    - onnxruntime-objc

EXTERNAL SOURCES:
  audio_session:
    :path: ".symlinks/plugins/audio_session/ios"
  audio_streamer:
    :path: ".symlinks/plugins/audio_streamer/ios"
  audioplayers_darwin:
    :path: ".symlinks/plugins/audioplayers_darwin/ios"
  Flutter:
    :path: Flutter
  flutter_silero_vad:
    :path: ".symlinks/plugins/flutter_silero_vad/ios"
  path_provider_foundation:
    :path: ".symlinks/plugins/path_provider_foundation/darwin"
  permission_handler_apple:
    :path: ".symlinks/plugins/permission_handler_apple/ios"

SPEC CHECKSUMS:
  audio_session: 4f3e461722055d21515cf3261b64c973c062f345
  audio_streamer: 474eec68329a86b19ea1dc3c9ccc5b02c166d688
  audioplayers_darwin: 877d9a4d06331c5c374595e46e16453ac7eafa40
  Flutter: f04841e97a9d0b0a8025694d0796dd46242b2854
  flutter_silero_vad: c28b8b1145014d9138f78b64eae7c198609ed8aa
  onnxruntime-c: e87399683ec19e3b812e13c6692882609a802b86
  onnxruntime-objc: 57ae8f83779a4c32731065d50d02d042af581114
  path_provider_foundation: 29f094ae23ebbca9d3d0cec13889cd9060c0e943
  permission_handler_apple: e76247795d700c14ea09e3a2d8855d41ee80a2e6

PODFILE CHECKSUM: 4090be87ef3353b7d49432b8f3a5c66e8cea7f68

COCOAPODS: 1.12.1
